
Microsoft Visual Studio Solution File, Format Version 12.00
# Visual Studio 2012
Project("{FAE04EC0-301F-11D3-BF4B-00C04F79EFBC}") = "WindowsFormsApplication1", "WindowsFormsApplication1.csproj", "{6E58CAF4-8AFA-4993-9B91-028C87926CEB}"
EndProject
Project("{FAE04EC0-301F-11D3-BF4B-00C04F79EFBC}") = "bannoiFramework", "..\bannoiFramework\bannoiFramework.csproj", "{93A6875B-9FA5-44C6-8A69-BC300AC90790}"
EndProject
Global
	GlobalSection(SourceCodeControl) = preSolution
		SccNumberOfProjects = 1
		SccProjectUniqueName0 = ..\\bannoiFramework\\bannoiFramework.csproj
		SccProjectName0 = \u0022$/Development/Project/myHouse2016.root/myHouse2016/bannoiFramework/bannoiFramework\u0022,\u0020NXFAAAAA
		SccLocalPath0 = ..\\bannoiFramework
		SccProvider0 = MSSCCI:Microsoft\u0020Visual\u0020SourceSafe
	EndGlobalSection
	GlobalSection(SolutionConfigurationPlatforms) = preSolution
		Debug|Any CPU = Debug|Any CPU
		Release|Any CPU = Release|Any CPU
	EndGlobalSection
	GlobalSection(ProjectConfigurationPlatforms) = postSolution
		{6E58CAF4-8AFA-4993-9B91-028C87926CEB}.Debug|Any CPU.ActiveCfg = Debug|Any CPU
		{6E58CAF4-8AFA-4993-9B91-028C87926CEB}.Debug|Any CPU.Build.0 = Debug|Any CPU
		{6E58CAF4-8AFA-4993-9B91-028C87926CEB}.Release|Any CPU.ActiveCfg = Release|Any CPU
		{6E58CAF4-8AFA-4993-9B91-028C87926CEB}.Release|Any CPU.Build.0 = Release|Any CPU
		{93A6875B-9FA5-44C6-8A69-BC300AC90790}.Debug|Any CPU.ActiveCfg = Debug|Any CPU
		{93A6875B-9FA5-44C6-8A69-BC300AC90790}.Debug|Any CPU.Build.0 = Debug|Any CPU
		{93A6875B-9FA5-44C6-8A69-BC300AC90790}.Release|Any CPU.ActiveCfg = Release|Any CPU
		{93A6875B-9FA5-44C6-8A69-BC300AC90790}.Release|Any CPU.Build.0 = Release|Any CPU
	EndGlobalSection
	GlobalSection(SolutionProperties) = preSolution
		HideSolutionNode = FALSE
	EndGlobalSection
EndGlobal
